<?xml version="1.0" encoding="utf-8"?>
<Project ToolsVersion="4.0" xmlns="http://schemas.microsoft.com/developer/msbuild/2003">
  <ItemGroup>
    <Filter Include="System">
      <UniqueIdentifier>{93995380-89BD-4b04-88EB-625FBE52EBFB}</UniqueIdentifier>
      <Extensions>
      </Extensions>
    </Filter>
    <Filter Include="AngelBinder">
      <UniqueIdentifier>{a864ed68-b180-4eae-a8cb-3b5c88a75ad4}</UniqueIdentifier>
    </Filter>
    <Filter Include="AngelBinder\Addon">
      <UniqueIdentifier>{a23b303c-1552-4c8d-b398-fdc1e47bb986}</UniqueIdentifier>
    </Filter>
    <Filter Include="AngelBinder\Examples">
      <UniqueIdentifier>{1b79dcf9-688e-4f27-af89-17b0787393e4}</UniqueIdentifier>
    </Filter>
    <Filter Include="AngelBinder\Examples\Tests">
      <UniqueIdentifier>{72fb42ee-8e0f-451e-81ca-a13ff2ac6864}</UniqueIdentifier>
    </Filter>
    <Filter Include="Scripts">
      <UniqueIdentifier>{b59ba3a8-29ef-4a42-accf-a2c8cf36a22d}</UniqueIdentifier>
    </Filter>
  </ItemGroup>
  <ItemGroup>
    <None Include="ReadMe.txt" />
    <None Include="..\Builds\Scripts\functions.as">
      <Filter>Scripts</Filter>
    </None>
  </ItemGroup>
  <ItemGroup>
    <ClInclude Include="stdafx.h">
      <Filter>System</Filter>
    </ClInclude>
    <ClInclude Include="targetver.h">
      <Filter>System</Filter>
    </ClInclude>
    <ClInclude Include="tests.h">
      <Filter>AngelBinder\Examples\Tests</Filter>
    </ClInclude>
    <ClInclude Include="..\Library\AngelBinder.h">
      <Filter>AngelBinder\Addon</Filter>
    </ClInclude>
  </ItemGroup>
  <ItemGroup>
    <ClCompile Include="stdafx.cpp">
      <Filter>System</Filter>
    </ClCompile>
    <ClCompile Include="main.cpp">
      <Filter>AngelBinder\Examples</Filter>
    </ClCompile>
    <ClCompile Include="functions.cpp">
      <Filter>AngelBinder\Examples\Tests</Filter>
    </ClCompile>
    <ClCompile Include="tests.cpp">
      <Filter>AngelBinder\Examples\Tests</Filter>
    </ClCompile>
    <ClCompile Include="..\Library\AngelBinder.cpp">
      <Filter>AngelBinder\Addon</Filter>
    </ClCompile>
  </ItemGroup>
</Project>